// !$*UTF8*$!
{
	archiveVersion = 1;
	classes = {
	};
	objectVersion = 50;
	objects = {

/* Begin PBXBuildFile section */
		3676FB8EF4FB27A8AF4A0886 /* Pods_ArticleViewerTests.framework in Frameworks */ = {isa = PBXBuildFile; fileRef = 4640738180D32C4442F9BAF0 /* Pods_ArticleViewerTests.framework */; };
		58C663D5662A46C90035FDC4 /* Pods_ArticleViewer.framework in Frameworks */ = {isa = PBXBuildFile; fileRef = 56EDA63C6E6B133F11E7D5EF /* Pods_ArticleViewer.framework */; };
		EA37B5E9221BADFD00574CDC /* main.swift in Sources */ = {isa = PBXBuildFile; fileRef = EA37B5E8221BADFD00574CDC /* main.swift */; };
		EA61A68E221A42A2009AA175 /* AppDelegate.swift in Sources */ = {isa = PBXBuildFile; fileRef = EA61A68D221A42A2009AA175 /* AppDelegate.swift */; };
		EA61A695221A42A3009AA175 /* Assets.xcassets in Resources */ = {isa = PBXBuildFile; fileRef = EA61A694221A42A3009AA175 /* Assets.xcassets */; };
		EA61A698221A42A3009AA175 /* LaunchScreen.storyboard in Resources */ = {isa = PBXBuildFile; fileRef = EA61A696221A42A3009AA175 /* LaunchScreen.storyboard */; };
		EA61A6A3221A42A3009AA175 /* ArticleListViewModelTests.swift in Sources */ = {isa = PBXBuildFile; fileRef = EA61A6A2221A42A3009AA175 /* ArticleListViewModelTests.swift */; };
/* End PBXBuildFile section */

/* Begin PBXContainerItemProxy section */
		EA61A69F221A42A3009AA175 /* PBXContainerItemProxy */ = {
			isa = PBXContainerItemProxy;
			containerPortal = EA61A682221A42A2009AA175 /* Project object */;
			proxyType = 1;
			remoteGlobalIDString = EA61A689221A42A2009AA175;
			remoteInfo = ArticleViewer;
		};
/* End PBXContainerItemProxy section */

/* Begin PBXFileReference section */
		4640738180D32C4442F9BAF0 /* Pods_ArticleViewerTests.framework */ = {isa = PBXFileReference; explicitFileType = wrapper.framework; includeInIndex = 0; path = Pods_ArticleViewerTests.framework; sourceTree = BUILT_PRODUCTS_DIR; };
		56EDA63C6E6B133F11E7D5EF /* Pods_ArticleViewer.framework */ = {isa = PBXFileReference; explicitFileType = wrapper.framework; includeInIndex = 0; path = Pods_ArticleViewer.framework; sourceTree = BUILT_PRODUCTS_DIR; };
		757CC3242D9EDC8E7883F6A6 /* Pods-ArticleViewer.release.xcconfig */ = {isa = PBXFileReference; includeInIndex = 1; lastKnownFileType = text.xcconfig; name = "Pods-ArticleViewer.release.xcconfig"; path = "Pods/Target Support Files/Pods-ArticleViewer/Pods-ArticleViewer.release.xcconfig"; sourceTree = "<group>"; };
		A5092BBA1661D97CE5D40F5C /* Pods-ArticleViewerTests.debug.xcconfig */ = {isa = PBXFileReference; includeInIndex = 1; lastKnownFileType = text.xcconfig; name = "Pods-ArticleViewerTests.debug.xcconfig"; path = "Pods/Target Support Files/Pods-ArticleViewerTests/Pods-ArticleViewerTests.debug.xcconfig"; sourceTree = "<group>"; };
		AEDF1249EF6797C3F0C0723F /* Pods-ArticleViewer.debug.xcconfig */ = {isa = PBXFileReference; includeInIndex = 1; lastKnownFileType = text.xcconfig; name = "Pods-ArticleViewer.debug.xcconfig"; path = "Pods/Target Support Files/Pods-ArticleViewer/Pods-ArticleViewer.debug.xcconfig"; sourceTree = "<group>"; };
		EA37B5E8221BADFD00574CDC /* main.swift */ = {isa = PBXFileReference; lastKnownFileType = sourcecode.swift; path = main.swift; sourceTree = "<group>"; };
		EA61A68A221A42A2009AA175 /* ArticleViewer.app */ = {isa = PBXFileReference; explicitFileType = wrapper.application; includeInIndex = 0; path = ArticleViewer.app; sourceTree = BUILT_PRODUCTS_DIR; };
		EA61A68D221A42A2009AA175 /* AppDelegate.swift */ = {isa = PBXFileReference; lastKnownFileType = sourcecode.swift; path = AppDelegate.swift; sourceTree = "<group>"; };
		EA61A694221A42A3009AA175 /* Assets.xcassets */ = {isa = PBXFileReference; lastKnownFileType = folder.assetcatalog; path = Assets.xcassets; sourceTree = "<group>"; };
		EA61A697221A42A3009AA175 /* Base */ = {isa = PBXFileReference; lastKnownFileType = file.storyboard; name = Base; path = Base.lproj/LaunchScreen.storyboard; sourceTree = "<group>"; };
		EA61A699221A42A3009AA175 /* Info.plist */ = {isa = PBXFileReference; lastKnownFileType = text.plist.xml; path = Info.plist; sourceTree = "<group>"; };
		EA61A69E221A42A3009AA175 /* ArticleViewerTests.xctest */ = {isa = PBXFileReference; explicitFileType = wrapper.cfbundle; includeInIndex = 0; path = ArticleViewerTests.xctest; sourceTree = BUILT_PRODUCTS_DIR; };
		EA61A6A2221A42A3009AA175 /* ArticleListViewModelTests.swift */ = {isa = PBXFileReference; lastKnownFileType = sourcecode.swift; path = ArticleListViewModelTests.swift; sourceTree = "<group>"; };
		EA61A6A4221A42A3009AA175 /* Info.plist */ = {isa = PBXFileReference; lastKnownFileType = text.plist.xml; path = Info.plist; sourceTree = "<group>"; };
		EA9F3D766D4371AC4F52197C /* Pods-ArticleViewerTests.release.xcconfig */ = {isa = PBXFileReference; includeInIndex = 1; lastKnownFileType = text.xcconfig; name = "Pods-ArticleViewerTests.release.xcconfig"; path = "Pods/Target Support Files/Pods-ArticleViewerTests/Pods-ArticleViewerTests.release.xcconfig"; sourceTree = "<group>"; };
/* End PBXFileReference section */

/* Begin PBXFrameworksBuildPhase section */
		EA61A687221A42A2009AA175 /* Frameworks */ = {
			isa = PBXFrameworksBuildPhase;
			buildActionMask = 2147483647;
			files = (
				58C663D5662A46C90035FDC4 /* Pods_ArticleViewer.framework in Frameworks */,
			);
			runOnlyForDeploymentPostprocessing = 0;
		};
		EA61A69B221A42A3009AA175 /* Frameworks */ = {
			isa = PBXFrameworksBuildPhase;
			buildActionMask = 2147483647;
			files = (
				3676FB8EF4FB27A8AF4A0886 /* Pods_ArticleViewerTests.framework in Frameworks */,
			);
			runOnlyForDeploymentPostprocessing = 0;
		};
/* End PBXFrameworksBuildPhase section */

/* Begin PBXGroup section */
		201E7F499DC83E96D5E1CB8C /* Pods */ = {
			isa = PBXGroup;
			children = (
				AEDF1249EF6797C3F0C0723F /* Pods-ArticleViewer.debug.xcconfig */,
				757CC3242D9EDC8E7883F6A6 /* Pods-ArticleViewer.release.xcconfig */,
				A5092BBA1661D97CE5D40F5C /* Pods-ArticleViewerTests.debug.xcconfig */,
				EA9F3D766D4371AC4F52197C /* Pods-ArticleViewerTests.release.xcconfig */,
			);
			name = Pods;
			sourceTree = "<group>";
		};
		30FE0798FDBAF037408DA10E /* Frameworks */ = {
			isa = PBXGroup;
			children = (
				56EDA63C6E6B133F11E7D5EF /* Pods_ArticleViewer.framework */,
				4640738180D32C4442F9BAF0 /* Pods_ArticleViewerTests.framework */,
			);
			name = Frameworks;
			sourceTree = "<group>";
		};
		EA37B5EA221BAEF500574CDC /* ArticleModule */ = {
			isa = PBXGroup;
			children = (
				EA37B5EB221BBAC300574CDC /* TestSupport */,
				EA61A6A2221A42A3009AA175 /* ArticleListViewModelTests.swift */,
			);
			path = ArticleModule;
			sourceTree = "<group>";
		};
		EA37B5EB221BBAC300574CDC /* TestSupport */ = {
			isa = PBXGroup;
			children = (
			);
			path = TestSupport;
			sourceTree = "<group>";
		};
		EA61A681221A42A2009AA175 = {
			isa = PBXGroup;
			children = (
				EA61A68C221A42A2009AA175 /* ArticleViewer */,
				EA61A6A1221A42A3009AA175 /* ArticleViewerTests */,
				EA61A68B221A42A2009AA175 /* Products */,
				201E7F499DC83E96D5E1CB8C /* Pods */,
				30FE0798FDBAF037408DA10E /* Frameworks */,
			);
			sourceTree = "<group>";
		};
		EA61A68B221A42A2009AA175 /* Products */ = {
			isa = PBXGroup;
			children = (
				EA61A68A221A42A2009AA175 /* ArticleViewer.app */,
				EA61A69E221A42A3009AA175 /* ArticleViewerTests.xctest */,
			);
			name = Products;
			sourceTree = "<group>";
		};
		EA61A68C221A42A2009AA175 /* ArticleViewer */ = {
			isa = PBXGroup;
			children = (
				EA61A68D221A42A2009AA175 /* AppDelegate.swift */,
				EA61A694221A42A3009AA175 /* Assets.xcassets */,
				EA61A696221A42A3009AA175 /* LaunchScreen.storyboard */,
				EA61A699221A42A3009AA175 /* Info.plist */,
				EA37B5E8221BADFD00574CDC /* main.swift */,
			);
			path = ArticleViewer;
			sourceTree = "<group>";
		};
		EA61A6A1221A42A3009AA175 /* ArticleViewerTests */ = {
			isa = PBXGroup;
			children = (
				EA37B5EA221BAEF500574CDC /* ArticleModule */,
				EA61A6A4221A42A3009AA175 /* Info.plist */,
			);
			path = ArticleViewerTests;
			sourceTree = "<group>";
		};
/* End PBXGroup section */

/* Begin PBXNativeTarget section */
		EA61A689221A42A2009AA175 /* ArticleViewer */ = {
			isa = PBXNativeTarget;
			buildConfigurationList = EA61A6A7221A42A3009AA175 /* Build configuration list for PBXNativeTarget "ArticleViewer" */;
			buildPhases = (
				8A9DE618764ACE921FEA4A44 /* [CP] Check Pods Manifest.lock */,
				EA61A686221A42A2009AA175 /* Sources */,
				EA61A687221A42A2009AA175 /* Frameworks */,
				EA61A688221A42A2009AA175 /* Resources */,
				EA61A6AD221A44CE009AA175 /* ShellScript */,
				F30E892A49864EBF32F27ADB /* [CP] Embed Pods Frameworks */,
			);
			buildRules = (
			);
			dependencies = (
			);
			name = ArticleViewer;
			productName = ArticleViewer;
			productReference = EA61A68A221A42A2009AA175 /* ArticleViewer.app */;
			productType = "com.apple.product-type.application";
		};
		EA61A69D221A42A3009AA175 /* ArticleViewerTests */ = {
			isa = PBXNativeTarget;
			buildConfigurationList = EA61A6AA221A42A3009AA175 /* Build configuration list for PBXNativeTarget "ArticleViewerTests" */;
			buildPhases = (
				953570536B2CF9F15B823F85 /* [CP] Check Pods Manifest.lock */,
				EA61A69A221A42A3009AA175 /* Sources */,
				EA61A69B221A42A3009AA175 /* Frameworks */,
				EA61A69C221A42A3009AA175 /* Resources */,
			);
			buildRules = (
			);
			dependencies = (
				EA61A6A0221A42A3009AA175 /* PBXTargetDependency */,
			);
			name = ArticleViewerTests;
			productName = ArticleViewerTests;
			productReference = EA61A69E221A42A3009AA175 /* ArticleViewerTests.xctest */;
			productType = "com.apple.product-type.bundle.unit-test";
		};
/* End PBXNativeTarget section */

/* Begin PBXProject section */
		EA61A682221A42A2009AA175 /* Project object */ = {
			isa = PBXProject;
			attributes = {
				LastSwiftUpdateCheck = 1010;
				LastUpgradeCheck = 1010;
				ORGANIZATIONNAME = "Himanshu Ingole";
				TargetAttributes = {
					EA61A689221A42A2009AA175 = {
						CreatedOnToolsVersion = 10.1;
					};
					EA61A69D221A42A3009AA175 = {
						CreatedOnToolsVersion = 10.1;
						TestTargetID = EA61A689221A42A2009AA175;
					};
				};
			};
			buildConfigurationList = EA61A685221A42A2009AA175 /* Build configuration list for PBXProject "ArticleViewer" */;
			compatibilityVersion = "Xcode 9.3";
			developmentRegion = en;
			hasScannedForEncodings = 0;
			knownRegions = (
				en,
				Base,
			);
			mainGroup = EA61A681221A42A2009AA175;
			productRefGroup = EA61A68B221A42A2009AA175 /* Products */;
			projectDirPath = "";
			projectRoot = "";
			targets = (
				EA61A689221A42A2009AA175 /* ArticleViewer */,
				EA61A69D221A42A3009AA175 /* ArticleViewerTests */,
			);
		};
/* End PBXProject section */

/* Begin PBXResourcesBuildPhase section */
		EA61A688221A42A2009AA175 /* Resources */ = {
			isa = PBXResourcesBuildPhase;
			buildActionMask = 2147483647;
			files = (
				EA61A698221A42A3009AA175 /* LaunchScreen.storyboard in Resources */,
				EA61A695221A42A3009AA175 /* Assets.xcassets in Resources */,
			);
			runOnlyForDeploymentPostprocessing = 0;
		};
		EA61A69C221A42A3009AA175 /* Resources */ = {
			isa = PBXResourcesBuildPhase;
			buildActionMask = 2147483647;
			files = (
			);
			runOnlyForDeploymentPostprocessing = 0;
		};
/* End PBXResourcesBuildPhase section */

/* Begin PBXShellScriptBuildPhase section */
		8A9DE618764ACE921FEA4A44 /* [CP] Check Pods Manifest.lock */ = {
			isa = PBXShellScriptBuildPhase;
			buildActionMask = 2147483647;
			files = (
			);
			inputFileListPaths = (
			);
			inputPaths = (
				"${PODS_PODFILE_DIR_PATH}/Podfile.lock",
				"${PODS_ROOT}/Manifest.lock",
			);
			name = "[CP] Check Pods Manifest.lock";
			outputFileListPaths = (
			);
			outputPaths = (
				"$(DERIVED_FILE_DIR)/Pods-ArticleViewer-checkManifestLockResult.txt",
			);
			runOnlyForDeploymentPostprocessing = 0;
			shellPath = /bin/sh;
			shellScript = "diff \"${PODS_PODFILE_DIR_PATH}/Podfile.lock\" \"${PODS_ROOT}/Manifest.lock\" > /dev/null\nif [ $? != 0 ] ; then\n    # print error to STDERR\n    echo \"error: The sandbox is not in sync with the Podfile.lock. Run 'pod install' or update your CocoaPods installation.\" >&2\n    exit 1\nfi\n# This output is used by Xcode 'outputs' to avoid re-running this script phase.\necho \"SUCCESS\" > \"${SCRIPT_OUTPUT_FILE_0}\"\n";
			showEnvVarsInLog = 0;
		};
		953570536B2CF9F15B823F85 /* [CP] Check Pods Manifest.lock */ = {
			isa = PBXShellScriptBuildPhase;
			buildActionMask = 2147483647;
			files = (
			);
			inputFileListPaths = (
			);
			inputPaths = (
				"${PODS_PODFILE_DIR_PATH}/Podfile.lock",
				"${PODS_ROOT}/Manifest.lock",
			);
			name = "[CP] Check Pods Manifest.lock";
			outputFileListPaths = (
			);
			outputPaths = (
				"$(DERIVED_FILE_DIR)/Pods-ArticleViewerTests-checkManifestLockResult.txt",
			);
			runOnlyForDeploymentPostprocessing = 0;
			shellPath = /bin/sh;
			shellScript = "diff \"${PODS_PODFILE_DIR_PATH}/Podfile.lock\" \"${PODS_ROOT}/Manifest.lock\" > /dev/null\nif [ $? != 0 ] ; then\n    # print error to STDERR\n    echo \"error: The sandbox is not in sync with the Podfile.lock. Run 'pod install' or update your CocoaPods installation.\" >&2\n    exit 1\nfi\n# This output is used by Xcode 'outputs' to avoid re-running this script phase.\necho \"SUCCESS\" > \"${SCRIPT_OUTPUT_FILE_0}\"\n";
			showEnvVarsInLog = 0;
		};
		EA61A6AD221A44CE009AA175 /* ShellScript */ = {
			isa = PBXShellScriptBuildPhase;
			buildActionMask = 2147483647;
			files = (
			);
			inputFileListPaths = (
			);
			inputPaths = (
			);
			outputFileListPaths = (
			);
			outputPaths = (
			);
			runOnlyForDeploymentPostprocessing = 0;
			shellPath = /bin/sh;
			shellScript = "\"${PODS_ROOT}/SwiftLint/swiftlint\"\n";
		};
		F30E892A49864EBF32F27ADB /* [CP] Embed Pods Frameworks */ = {
			isa = PBXShellScriptBuildPhase;
			buildActionMask = 2147483647;
			files = (
			);
			inputFileListPaths = (
			);
			inputPaths = (
				"${SRCROOT}/Pods/Target Support Files/Pods-ArticleViewer/Pods-ArticleViewer-frameworks.sh",
				"${BUILT_PRODUCTS_DIR}/Alamofire/Alamofire.framework",
				"${BUILT_PRODUCTS_DIR}/ArticleModule/ArticleModule.framework",
				"${BUILT_PRODUCTS_DIR}/ArticleModuleService/ArticleModuleService.framework",
				"${BUILT_PRODUCTS_DIR}/CommonModule/CommonModule.framework",
				"${BUILT_PRODUCTS_DIR}/IHProgressHUD/IHProgressHUD.framework",
				"${BUILT_PRODUCTS_DIR}/Kingfisher/Kingfisher.framework",
				"${BUILT_PRODUCTS_DIR}/NetworkService/NetworkService.framework",
				"${BUILT_PRODUCTS_DIR}/SwiftyJSON/SwiftyJSON.framework",
			);
			name = "[CP] Embed Pods Frameworks";
			outputFileListPaths = (
			);
			outputPaths = (
				"${TARGET_BUILD_DIR}/${FRAMEWORKS_FOLDER_PATH}/Alamofire.framework",
				"${TARGET_BUILD_DIR}/${FRAMEWORKS_FOLDER_PATH}/ArticleModule.framework",
				"${TARGET_BUILD_DIR}/${FRAMEWORKS_FOLDER_PATH}/ArticleModuleService.framework",
				"${TARGET_BUILD_DIR}/${FRAMEWORKS_FOLDER_PATH}/CommonModule.framework",
				"${TARGET_BUILD_DIR}/${FRAMEWORKS_FOLDER_PATH}/IHProgressHUD.framework",
				"${TARGET_BUILD_DIR}/${FRAMEWORKS_FOLDER_PATH}/Kingfisher.framework",
				"${TARGET_BUILD_DIR}/${FRAMEWORKS_FOLDER_PATH}/NetworkService.framework",
				"${TARGET_BUILD_DIR}/${FRAMEWORKS_FOLDER_PATH}/SwiftyJSON.framework",
			);
			runOnlyForDeploymentPostprocessing = 0;
			shellPath = /bin/sh;
			shellScript = "\"${SRCROOT}/Pods/Target Support Files/Pods-ArticleViewer/Pods-ArticleViewer-frameworks.sh\"\n";
			showEnvVarsInLog = 0;
		};
/* End PBXShellScriptBuildPhase section */

/* Begin PBXSourcesBuildPhase section */
		EA61A686221A42A2009AA175 /* Sources */ = {
			isa = PBXSourcesBuildPhase;
			buildActionMask = 2147483647;
			files = (
				EA37B5E9221BADFD00574CDC /* main.swift in Sources */,
				EA61A68E221A42A2009AA175 /* AppDelegate.swift in Sources */,
			);
			runOnlyForDeploymentPostprocessing = 0;
		};
		EA61A69A221A42A3009AA175 /* Sources */ = {
			isa = PBXSourcesBuildPhase;
			buildActionMask = 2147483647;
			files = (
				EA61A6A3221A42A3009AA175 /* ArticleListViewModelTests.swift in Sources */,
			);
			runOnlyForDeploymentPostprocessing = 0;
		};
/* End PBXSourcesBuildPhase section */

/* Begin PBXTargetDependency section */
		EA61A6A0221A42A3009AA175 /* PBXTargetDependency */ = {
			isa = PBXTargetDependency;
			target = EA61A689221A42A2009AA175 /* ArticleViewer */;
			targetProxy = EA61A69F221A42A3009AA175 /* PBXContainerItemProxy */;
		};
/* End PBXTargetDependency section */

/* Begin PBXVariantGroup section */
		EA61A696221A42A3009AA175 /* LaunchScreen.storyboard */ = {
			isa = PBXVariantGroup;
			children = (
				EA61A697221A42A3009AA175 /* Base */,
			);
			name = LaunchScreen.storyboard;
			sourceTree = "<group>";
		};
/* End PBXVariantGroup section */

/* Begin XCBuildConfiguration section */
		EA61A6A5221A42A3009AA175 /* Debug */ = {
			isa = XCBuildConfiguration;
			buildSettings = {
				ALWAYS_SEARCH_USER_PATHS = NO;
				CLANG_ANALYZER_NONNULL = YES;
				CLANG_ANALYZER_NUMBER_OBJECT_CONVERSION = YES_AGGRESSIVE;
				CLANG_CXX_LANGUAGE_STANDARD = "gnu++14";
				CLANG_CXX_LIBRARY = "libc++";
				CLANG_ENABLE_MODULES = YES;
				CLANG_ENABLE_OBJC_ARC = YES;
				CLANG_ENABLE_OBJC_WEAK = YES;
				CLANG_WARN_BLOCK_CAPTURE_AUTORELEASING = YES;
				CLANG_WARN_BOOL_CONVERSION = YES;
				CLANG_WARN_COMMA = YES;
				CLANG_WARN_CONSTANT_CONVERSION = YES;
				CLANG_WARN_DEPRECATED_OBJC_IMPLEMENTATIONS = YES;
				CLANG_WARN_DIRECT_OBJC_ISA_USAGE = YES_ERROR;
				CLANG_WARN_DOCUMENTATION_COMMENTS = YES;
				CLANG_WARN_EMPTY_BODY = YES;
				CLANG_WARN_ENUM_CONVERSION = YES;
				CLANG_WARN_INFINITE_RECURSION = YES;
				CLANG_WARN_INT_CONVERSION = YES;
				CLANG_WARN_NON_LITERAL_NULL_CONVERSION = YES;
				CLANG_WARN_OBJC_IMPLICIT_RETAIN_SELF = YES;
				CLANG_WARN_OBJC_LITERAL_CONVERSION = YES;
				CLANG_WARN_OBJC_ROOT_CLASS = YES_ERROR;
				CLANG_WARN_RANGE_LOOP_ANALYSIS = YES;
				CLANG_WARN_STRICT_PROTOTYPES = YES;
				CLANG_WARN_SUSPICIOUS_MOVE = YES;
				CLANG_WARN_UNGUARDED_AVAILABILITY = YES_AGGRESSIVE;
				CLANG_WARN_UNREACHABLE_CODE = YES;
				CLANG_WARN__DUPLICATE_METHOD_MATCH = YES;
				CODE_SIGN_IDENTITY = "iPhone Developer";
				COPY_PHASE_STRIP = NO;
				DEBUG_INFORMATION_FORMAT = dwarf;
				ENABLE_STRICT_OBJC_MSGSEND = YES;
				ENABLE_TESTABILITY = YES;
				GCC_C_LANGUAGE_STANDARD = gnu11;
				GCC_DYNAMIC_NO_PIC = NO;
				GCC_NO_COMMON_BLOCKS = YES;
				GCC_OPTIMIZATION_LEVEL = 0;
				GCC_PREPROCESSOR_DEFINITIONS = (
					"DEBUG=1",
					"$(inherited)",
				);
				GCC_WARN_64_TO_32_BIT_CONVERSION = YES;
				GCC_WARN_ABOUT_RETURN_TYPE = YES_ERROR;
				GCC_WARN_UNDECLARED_SELECTOR = YES;
				GCC_WARN_UNINITIALIZED_AUTOS = YES_AGGRESSIVE;
				GCC_WARN_UNUSED_FUNCTION = YES;
				GCC_WARN_UNUSED_VARIABLE = YES;
				IPHONEOS_DEPLOYMENT_TARGET = 10.3;
				MTL_ENABLE_DEBUG_INFO = INCLUDE_SOURCE;
				MTL_FAST_MATH = YES;
				ONLY_ACTIVE_ARCH = YES;
				SDKROOT = iphoneos;
				SWIFT_ACTIVE_COMPILATION_CONDITIONS = DEBUG;
				SWIFT_OPTIMIZATION_LEVEL = "-Onone";
			};
			name = Debug;
		};
		EA61A6A6221A42A3009AA175 /* Release */ = {
			isa = XCBuildConfiguration;
			buildSettings = {
				ALWAYS_SEARCH_USER_PATHS = NO;
				CLANG_ANALYZER_NONNULL = YES;
				CLANG_ANALYZER_NUMBER_OBJECT_CONVERSION = YES_AGGRESSIVE;
				CLANG_CXX_LANGUAGE_STANDARD = "gnu++14";
				CLANG_CXX_LIBRARY = "libc++";
				CLANG_ENABLE_MODULES = YES;
				CLANG_ENABLE_OBJC_ARC = YES;
				CLANG_ENABLE_OBJC_WEAK = YES;
				CLANG_WARN_BLOCK_CAPTURE_AUTORELEASING = YES;
				CLANG_WARN_BOOL_CONVERSION = YES;
				CLANG_WARN_COMMA = YES;
				CLANG_WARN_CONSTANT_CONVERSION = YES;
				CLANG_WARN_DEPRECATED_OBJC_IMPLEMENTATIONS = YES;
				CLANG_WARN_DIRECT_OBJC_ISA_USAGE = YES_ERROR;
				CLANG_WARN_DOCUMENTATION_COMMENTS = YES;
				CLANG_WARN_EMPTY_BODY = YES;
				CLANG_WARN_ENUM_CONVERSION = YES;
				CLANG_WARN_INFINITE_RECURSION = YES;
				CLANG_WARN_INT_CONVERSION = YES;
				CLANG_WARN_NON_LITERAL_NULL_CONVERSION = YES;
				CLANG_WARN_OBJC_IMPLICIT_RETAIN_SELF = YES;
				CLANG_WARN_OBJC_LITERAL_CONVERSION = YES;
				CLANG_WARN_OBJC_ROOT_CLASS = YES_ERROR;
				CLANG_WARN_RANGE_LOOP_ANALYSIS = YES;
				CLANG_WARN_STRICT_PROTOTYPES = YES;
				CLANG_WARN_SUSPICIOUS_MOVE = YES;
				CLANG_WARN_UNGUARDED_AVAILABILITY = YES_AGGRESSIVE;
				CLANG_WARN_UNREACHABLE_CODE = YES;
				CLANG_WARN__DUPLICATE_METHOD_MATCH = YES;
				CODE_SIGN_IDENTITY = "iPhone Developer";
				COPY_PHASE_STRIP = NO;
				DEBUG_INFORMATION_FORMAT = "dwarf-with-dsym";
				ENABLE_NS_ASSERTIONS = NO;
				ENABLE_STRICT_OBJC_MSGSEND = YES;
				GCC_C_LANGUAGE_STANDARD = gnu11;
				GCC_NO_COMMON_BLOCKS = YES;
				GCC_WARN_64_TO_32_BIT_CONVERSION = YES;
				GCC_WARN_ABOUT_RETURN_TYPE = YES_ERROR;
				GCC_WARN_UNDECLARED_SELECTOR = YES;
				GCC_WARN_UNINITIALIZED_AUTOS = YES_AGGRESSIVE;
				GCC_WARN_UNUSED_FUNCTION = YES;
				GCC_WARN_UNUSED_VARIABLE = YES;
				IPHONEOS_DEPLOYMENT_TARGET = 10.3;
				MTL_ENABLE_DEBUG_INFO = NO;
				MTL_FAST_MATH = YES;
				SDKROOT = iphoneos;
				SWIFT_COMPILATION_MODE = wholemodule;
				SWIFT_OPTIMIZATION_LEVEL = "-O";
				VALIDATE_PRODUCT = YES;
			};
			name = Release;
		};
		EA61A6A8221A42A3009AA175 /* Debug */ = {
			isa = XCBuildConfiguration;
			baseConfigurationReference = AEDF1249EF6797C3F0C0723F /* Pods-ArticleViewer.debug.xcconfig */;
			buildSettings = {
				ASSETCATALOG_COMPILER_APPICON_NAME = AppIcon;
				CODE_SIGN_STYLE = Automatic;
				INFOPLIST_FILE = ArticleViewer/Info.plist;
				LD_RUNPATH_SEARCH_PATHS = (
					"$(inherited)",
					"@executable_path/Frameworks",
				);
				PRODUCT_BUNDLE_IDENTIFIER = com.vijtak.ArticleViewer;
				PRODUCT_NAME = "$(TARGET_NAME)";
				SWIFT_VERSION = 4.2;
				TARGETED_DEVICE_FAMILY = "1,2";
				productApiUrl = "http://api.duckduckgo.com/?q=simpsons+characters&format=json";
				productBundleIdentifer = com.sample.simpsonsviewer;
				productName = "Simpsons Character Viewer";
			};
			name = Debug;
		};
		EA61A6A9221A42A3009AA175 /* Release */ = {
			isa = XCBuildConfiguration;
			baseConfigurationReference = 757CC3242D9EDC8E7883F6A6 /* Pods-ArticleViewer.release.xcconfig */;
			buildSettings = {
				ASSETCATALOG_COMPILER_APPICON_NAME = AppIcon;
				CODE_SIGN_STYLE = Automatic;
				INFOPLIST_FILE = ArticleViewer/Info.plist;
				LD_RUNPATH_SEARCH_PATHS = (
					"$(inherited)",
					"@executable_path/Frameworks",
				);
				PRODUCT_BUNDLE_IDENTIFIER = com.vijtak.ArticleViewer;
				PRODUCT_NAME = "$(TARGET_NAME)";
				SWIFT_VERSION = 4.2;
				TARGETED_DEVICE_FAMILY = "1,2";
				productApiUrl = "http://api.duckduckgo.com/?q=the+wire+characters&format=json";
				productBundleIdentifer = com.sample.wireviewer;
				productName = "The Wire Character Viewer";
			};
			name = Release;
		};
		EA61A6AB221A42A3009AA175 /* Debug */ = {
			isa = XCBuildConfiguration;
			baseConfigurationReference = A5092BBA1661D97CE5D40F5C /* Pods-ArticleViewerTests.debug.xcconfig */;
			buildSettings = {
				ALWAYS_EMBED_SWIFT_STANDARD_LIBRARIES = YES;
				BUNDLE_LOADER = "$(TEST_HOST)";
				CODE_SIGN_STYLE = Automatic;
				INFOPLIST_FILE = ArticleViewerTests/Info.plist;
				LD_RUNPATH_SEARCH_PATHS = (
					"$(inherited)",
					"@executable_path/Frameworks",
					"@loader_path/Frameworks",
				);
				PRODUCT_BUNDLE_IDENTIFIER = com.vijtak.ArticleViewerTests;
				PRODUCT_NAME = "$(TARGET_NAME)";
				SWIFT_VERSION = 4.2;
				TARGETED_DEVICE_FAMILY = "1,2";
				TEST_HOST = "$(BUILT_PRODUCTS_DIR)/ArticleViewer.app/ArticleViewer";
			};
			name = Debug;
		};
		EA61A6AC221A42A3009AA175 /* Release */ = {
			isa = XCBuildConfiguration;
			baseConfigurationReference = EA9F3D766D4371AC4F52197C /* Pods-ArticleViewerTests.release.xcconfig */;
			buildSettings = {
				ALWAYS_EMBED_SWIFT_STANDARD_LIBRARIES = YES;
				BUNDLE_LOADER = "$(TEST_HOST)";
				CODE_SIGN_STYLE = Automatic;
				INFOPLIST_FILE = ArticleViewerTests/Info.plist;
				LD_RUNPATH_SEARCH_PATHS = (
					"$(inherited)",
					"@executable_path/Frameworks",
					"@loader_path/Frameworks",
				);
				PRODUCT_BUNDLE_IDENTIFIER = com.vijtak.ArticleViewerTests;
				PRODUCT_NAME = "$(TARGET_NAME)";
				SWIFT_VERSION = 4.2;
				TARGETED_DEVICE_FAMILY = "1,2";
				TEST_HOST = "$(BUILT_PRODUCTS_DIR)/ArticleViewer.app/ArticleViewer";
			};
			name = Release;
		};
/* End XCBuildConfiguration section */

/* Begin XCConfigurationList section */
		EA61A685221A42A2009AA175 /* Build configuration list for PBXProject "ArticleViewer" */ = {
			isa = XCConfigurationList;
			buildConfigurations = (
				EA61A6A5221A42A3009AA175 /* Debug */,
				EA61A6A6221A42A3009AA175 /* Release */,
			);
			defaultConfigurationIsVisible = 0;
			defaultConfigurationName = Release;
		};
		EA61A6A7221A42A3009AA175 /* Build configuration list for PBXNativeTarget "ArticleViewer" */ = {
			isa = XCConfigurationList;
			buildConfigurations = (
				EA61A6A8221A42A3009AA175 /* Debug */,
				EA61A6A9221A42A3009AA175 /* Release */,
			);
			defaultConfigurationIsVisible = 0;
			defaultConfigurationName = Release;
		};
		EA61A6AA221A42A3009AA175 /* Build configuration list for PBXNativeTarget "ArticleViewerTests" */ = {
			isa = XCConfigurationList;
			buildConfigurations = (
				EA61A6AB221A42A3009AA175 /* Debug */,
				EA61A6AC221A42A3009AA175 /* Release */,
			);
			defaultConfigurationIsVisible = 0;
			defaultConfigurationName = Release;
		};
/* End XCConfigurationList section */
	};
	rootObject = EA61A682221A42A2009AA175 /* Project object */;
}
